
Microsoft Visual Studio Solution File, Format Version 12.00
Project("{FAE04EC0-301F-11D3-BF4B-00C04F79EFBC}") = "appFotos", "appFotos\appFotos.csproj", "{EA98800D-D89D-4366-8321-6057255F3287}"
EndProject
Global
	GlobalSection(SolutionConfigurationPlatforms) = preSolution
		Debug|Any CPU = Debug|Any CPU
		Release|Any CPU = Release|Any CPU
	EndGlobalSection
	GlobalSection(ProjectConfigurationPlatforms) = postSolution
		{EA98800D-D89D-4366-8321-6057255F3287}.Debug|Any CPU.ActiveCfg = Debug|Any CPU
		{EA98800D-D89D-4366-8321-6057255F3287}.Debug|Any CPU.Build.0 = Debug|Any CPU
		{EA98800D-D89D-4366-8321-6057255F3287}.Release|Any CPU.ActiveCfg = Release|Any CPU
		{EA98800D-D89D-4366-8321-6057255F3287}.Release|Any CPU.Build.0 = Release|Any CPU
	EndGlobalSection
EndGlobal
